// !$*UTF8*$!
{
	archiveVersion = 1;
	classes = {
	};
	objectVersion = 52;
	objects = {

/* Begin PBXBuildFile section */
		1C7F67C82640F70900A0B0C1 /* CommunityCollectionViewController.swift in Sources */ = {isa = PBXBuildFile; fileRef = 1C7F67C72640F70900A0B0C1 /* CommunityCollectionViewController.swift */; };
		8B00C70C262913C500504203 /* AppDelegate.swift in Sources */ = {isa = PBXBuildFile; fileRef = 8B00C70B262913C500504203 /* AppDelegate.swift */; };
		8B00C70E262913C500504203 /* SceneDelegate.swift in Sources */ = {isa = PBXBuildFile; fileRef = 8B00C70D262913C500504203 /* SceneDelegate.swift */; };
		8B00C713262913C500504203 /* Main.storyboard in Resources */ = {isa = PBXBuildFile; fileRef = 8B00C711262913C500504203 /* Main.storyboard */; };
		8B00C715262913C600504203 /* Assets.xcassets in Resources */ = {isa = PBXBuildFile; fileRef = 8B00C714262913C600504203 /* Assets.xcassets */; };
		8B00C718262913C600504203 /* LaunchScreen.storyboard in Resources */ = {isa = PBXBuildFile; fileRef = 8B00C716262913C600504203 /* LaunchScreen.storyboard */; };
		8B0FDC0A2646AA8E006868DD /* UIViewController+Extensions.swift in Sources */ = {isa = PBXBuildFile; fileRef = 8B0FDC092646AA8E006868DD /* UIViewController+Extensions.swift */; };
		8B1471FB2648C16400ED5264 /* ToolPickerViewController.swift in Sources */ = {isa = PBXBuildFile; fileRef = 8B1471FA2648C16400ED5264 /* ToolPickerViewController.swift */; };
		8B3C24172634F6E400E3E751 /* SavedArtCollectionViewController.swift in Sources */ = {isa = PBXBuildFile; fileRef = 8B3C24162634F6E400E3E751 /* SavedArtCollectionViewController.swift */; };
		8B53829E264ABD3C00AE0238 /* ToolBrushCollectionViewCell.swift in Sources */ = {isa = PBXBuildFile; fileRef = 8B53829D264ABD3C00AE0238 /* ToolBrushCollectionViewCell.swift */; };
		8B5382A2264ABD5900AE0238 /* ToolSizeCollectionViewCell.swift in Sources */ = {isa = PBXBuildFile; fileRef = 8B5382A1264ABD5900AE0238 /* ToolSizeCollectionViewCell.swift */; };
		8B584986263FE06700443C14 /* SavedArtCollectionViewCell.swift in Sources */ = {isa = PBXBuildFile; fileRef = 8B584985263FE06700443C14 /* SavedArtCollectionViewCell.swift */; };
		8B5D8974263EE6CA00B37B61 /* FromCameraViewController.swift in Sources */ = {isa = PBXBuildFile; fileRef = 8B5D8973263EE6CA00B37B61 /* FromCameraViewController.swift */; };
		8B614EDC263A6A36005B5C50 /* UIImage+Extensions.swift in Sources */ = {isa = PBXBuildFile; fileRef = 8B614EDB263A6A36005B5C50 /* UIImage+Extensions.swift */; };
		8B6DEEF2264BAF1500DFAAD4 /* ToolPickerDelegate.swift in Sources */ = {isa = PBXBuildFile; fileRef = 8B6DEEF1264BAF1500DFAAD4 /* ToolPickerDelegate.swift */; };
		8B7EFBA2263AD72C00A99675 /* SavedArt.swift in Sources */ = {isa = PBXBuildFile; fileRef = 8B7EFBA1263AD72C00A99675 /* SavedArt.swift */; };
		8B80EA0C263531AF00DD3281 /* NewArtViewController.swift in Sources */ = {isa = PBXBuildFile; fileRef = 8B80EA0B263531AF00DD3281 /* NewArtViewController.swift */; };
		8BC213A626328D8B00719579 /* GoogleService-Info.plist in Resources */ = {isa = PBXBuildFile; fileRef = 8BC213A526328D8B00719579 /* GoogleService-Info.plist */; };
		8BC213A92632908100719579 /* FirebaseController.swift in Sources */ = {isa = PBXBuildFile; fileRef = 8BC213A82632908100719579 /* FirebaseController.swift */; };
		8BC213B02632925E00719579 /* MulticastDelegate.swift in Sources */ = {isa = PBXBuildFile; fileRef = 8BC213AF2632925E00719579 /* MulticastDelegate.swift */; };
		8BC213B42632928E00719579 /* DatabaseProtocol.swift in Sources */ = {isa = PBXBuildFile; fileRef = 8BC213B32632928E00719579 /* DatabaseProtocol.swift */; };
		8BC213B72632933F00719579 /* User.swift in Sources */ = {isa = PBXBuildFile; fileRef = 8BC213B62632933F00719579 /* User.swift */; };
		8BC213BB2632961700719579 /* Category.swift in Sources */ = {isa = PBXBuildFile; fileRef = 8BC213BA2632961700719579 /* Category.swift */; };
		8BC3F7F726294F1300503419 /* ArtViewController.swift in Sources */ = {isa = PBXBuildFile; fileRef = 8BC3F7F626294F1300503419 /* ArtViewController.swift */; };
		8BC3F7FA2629557600503419 /* CanvasView.swift in Sources */ = {isa = PBXBuildFile; fileRef = 8BC3F7F92629557600503419 /* CanvasView.swift */; };
		8BCACA09263280EB00FAF97B /* Tool.swift in Sources */ = {isa = PBXBuildFile; fileRef = 8BCACA08263280EB00FAF97B /* Tool.swift */; };
		8BCACA0C2632811900FAF97B /* CanvasViewDelegate.swift in Sources */ = {isa = PBXBuildFile; fileRef = 8BCACA0B2632811900FAF97B /* CanvasViewDelegate.swift */; };
		8BCACA112632827A00FAF97B /* Pencil.swift in Sources */ = {isa = PBXBuildFile; fileRef = 8BCACA102632827A00FAF97B /* Pencil.swift */; };
		8BCACA15263282B800FAF97B /* Marker.swift in Sources */ = {isa = PBXBuildFile; fileRef = 8BCACA14263282B800FAF97B /* Marker.swift */; };
		8BCACA1C2632847800FAF97B /* Art.swift in Sources */ = {isa = PBXBuildFile; fileRef = 8BCACA1B2632847800FAF97B /* Art.swift */; };
		8BCACA1F2632849A00FAF97B /* Location.swift in Sources */ = {isa = PBXBuildFile; fileRef = 8BCACA1E2632849A00FAF97B /* Location.swift */; };
		8BCACA22263284D700FAF97B /* Pixel.swift in Sources */ = {isa = PBXBuildFile; fileRef = 8BCACA21263284D700FAF97B /* Pixel.swift */; };
		8BCACA262632881900FAF97B /* FirebaseFirestoreSwift-Beta in Frameworks */ = {isa = PBXBuildFile; productRef = 8BCACA252632881900FAF97B /* FirebaseFirestoreSwift-Beta */; };
		8BCACA282632881900FAF97B /* FirebaseStorage in Frameworks */ = {isa = PBXBuildFile; productRef = 8BCACA272632881900FAF97B /* FirebaseStorage */; };
		8BCACA2A2632881900FAF97B /* FirebaseAuth in Frameworks */ = {isa = PBXBuildFile; productRef = 8BCACA292632881900FAF97B /* FirebaseAuth */; };
		8BCACA2C2632881900FAF97B /* FirebaseFirestore in Frameworks */ = {isa = PBXBuildFile; productRef = 8BCACA2B2632881900FAF97B /* FirebaseFirestore */; };
		8BCACA2E2632881900FAF97B /* FirebaseStorageSwift-Beta in Frameworks */ = {isa = PBXBuildFile; productRef = 8BCACA2D2632881900FAF97B /* FirebaseStorageSwift-Beta */; };
		8BD433DD263A47B500D3C281 /* ArtExceptions.swift in Sources */ = {isa = PBXBuildFile; fileRef = 8BD433DC263A47B500D3C281 /* ArtExceptions.swift */; };
/* End PBXBuildFile section */

/* Begin PBXFileReference section */
		1C7F67C72640F70900A0B0C1 /* CommunityCollectionViewController.swift */ = {isa = PBXFileReference; lastKnownFileType = sourcecode.swift; path = CommunityCollectionViewController.swift; sourceTree = "<group>"; };
		8B00C708262913C500504203 /* Gunther.app */ = {isa = PBXFileReference; explicitFileType = wrapper.application; includeInIndex = 0; path = Gunther.app; sourceTree = BUILT_PRODUCTS_DIR; };
		8B00C70B262913C500504203 /* AppDelegate.swift */ = {isa = PBXFileReference; lastKnownFileType = sourcecode.swift; path = AppDelegate.swift; sourceTree = "<group>"; };
		8B00C70D262913C500504203 /* SceneDelegate.swift */ = {isa = PBXFileReference; lastKnownFileType = sourcecode.swift; path = SceneDelegate.swift; sourceTree = "<group>"; };
		8B00C712262913C500504203 /* Base */ = {isa = PBXFileReference; lastKnownFileType = file.storyboard; name = Base; path = Base.lproj/Main.storyboard; sourceTree = "<group>"; };
		8B00C714262913C600504203 /* Assets.xcassets */ = {isa = PBXFileReference; lastKnownFileType = folder.assetcatalog; path = Assets.xcassets; sourceTree = "<group>"; };
		8B00C717262913C600504203 /* Base */ = {isa = PBXFileReference; lastKnownFileType = file.storyboard; name = Base; path = Base.lproj/LaunchScreen.storyboard; sourceTree = "<group>"; };
		8B00C719262913C600504203 /* Info.plist */ = {isa = PBXFileReference; lastKnownFileType = text.plist.xml; path = Info.plist; sourceTree = "<group>"; };
		8B0FDC092646AA8E006868DD /* UIViewController+Extensions.swift */ = {isa = PBXFileReference; lastKnownFileType = sourcecode.swift; path = "UIViewController+Extensions.swift"; sourceTree = "<group>"; };
		8B1471FA2648C16400ED5264 /* ToolPickerViewController.swift */ = {isa = PBXFileReference; lastKnownFileType = sourcecode.swift; path = ToolPickerViewController.swift; sourceTree = "<group>"; };
		8B3C24162634F6E400E3E751 /* SavedArtCollectionViewController.swift */ = {isa = PBXFileReference; lastKnownFileType = sourcecode.swift; path = SavedArtCollectionViewController.swift; sourceTree = "<group>"; };
		8B53829D264ABD3C00AE0238 /* ToolBrushCollectionViewCell.swift */ = {isa = PBXFileReference; lastKnownFileType = sourcecode.swift; path = ToolBrushCollectionViewCell.swift; sourceTree = "<group>"; };
		8B5382A1264ABD5900AE0238 /* ToolSizeCollectionViewCell.swift */ = {isa = PBXFileReference; lastKnownFileType = sourcecode.swift; path = ToolSizeCollectionViewCell.swift; sourceTree = "<group>"; };
		8B584985263FE06700443C14 /* SavedArtCollectionViewCell.swift */ = {isa = PBXFileReference; lastKnownFileType = sourcecode.swift; path = SavedArtCollectionViewCell.swift; sourceTree = "<group>"; };
		8B5D8973263EE6CA00B37B61 /* FromCameraViewController.swift */ = {isa = PBXFileReference; lastKnownFileType = sourcecode.swift; path = FromCameraViewController.swift; sourceTree = "<group>"; };
		8B614EDB263A6A36005B5C50 /* UIImage+Extensions.swift */ = {isa = PBXFileReference; lastKnownFileType = sourcecode.swift; path = "UIImage+Extensions.swift"; sourceTree = "<group>"; };
		8B6DEEF1264BAF1500DFAAD4 /* ToolPickerDelegate.swift */ = {isa = PBXFileReference; lastKnownFileType = sourcecode.swift; path = ToolPickerDelegate.swift; sourceTree = "<group>"; };
		8B7EFBA1263AD72C00A99675 /* SavedArt.swift */ = {isa = PBXFileReference; lastKnownFileType = sourcecode.swift; path = SavedArt.swift; sourceTree = "<group>"; };
		8B80EA0B263531AF00DD3281 /* NewArtViewController.swift */ = {isa = PBXFileReference; lastKnownFileType = sourcecode.swift; path = NewArtViewController.swift; sourceTree = "<group>"; };
		8BC213A526328D8B00719579 /* GoogleService-Info.plist */ = {isa = PBXFileReference; fileEncoding = 4; lastKnownFileType = text.plist.xml; path = "GoogleService-Info.plist"; sourceTree = "<group>"; };
		8BC213A82632908100719579 /* FirebaseController.swift */ = {isa = PBXFileReference; lastKnownFileType = sourcecode.swift; path = FirebaseController.swift; sourceTree = "<group>"; };
		8BC213AF2632925E00719579 /* MulticastDelegate.swift */ = {isa = PBXFileReference; fileEncoding = 4; lastKnownFileType = sourcecode.swift; path = MulticastDelegate.swift; sourceTree = "<group>"; };
		8BC213B32632928E00719579 /* DatabaseProtocol.swift */ = {isa = PBXFileReference; fileEncoding = 4; lastKnownFileType = sourcecode.swift; path = DatabaseProtocol.swift; sourceTree = "<group>"; };
		8BC213B62632933F00719579 /* User.swift */ = {isa = PBXFileReference; lastKnownFileType = sourcecode.swift; path = User.swift; sourceTree = "<group>"; };
		8BC213BA2632961700719579 /* Category.swift */ = {isa = PBXFileReference; lastKnownFileType = sourcecode.swift; path = Category.swift; sourceTree = "<group>"; };
		8BC3F7F626294F1300503419 /* ArtViewController.swift */ = {isa = PBXFileReference; lastKnownFileType = sourcecode.swift; path = ArtViewController.swift; sourceTree = "<group>"; };
		8BC3F7F92629557600503419 /* CanvasView.swift */ = {isa = PBXFileReference; lastKnownFileType = sourcecode.swift; path = CanvasView.swift; sourceTree = "<group>"; };
		8BCACA08263280EB00FAF97B /* Tool.swift */ = {isa = PBXFileReference; lastKnownFileType = sourcecode.swift; path = Tool.swift; sourceTree = "<group>"; };
		8BCACA0B2632811900FAF97B /* CanvasViewDelegate.swift */ = {isa = PBXFileReference; lastKnownFileType = sourcecode.swift; path = CanvasViewDelegate.swift; sourceTree = "<group>"; };
		8BCACA102632827A00FAF97B /* Pencil.swift */ = {isa = PBXFileReference; lastKnownFileType = sourcecode.swift; path = Pencil.swift; sourceTree = "<group>"; };
		8BCACA14263282B800FAF97B /* Marker.swift */ = {isa = PBXFileReference; lastKnownFileType = sourcecode.swift; path = Marker.swift; sourceTree = "<group>"; };
		8BCACA1B2632847800FAF97B /* Art.swift */ = {isa = PBXFileReference; lastKnownFileType = sourcecode.swift; path = Art.swift; sourceTree = "<group>"; };
		8BCACA1E2632849A00FAF97B /* Location.swift */ = {isa = PBXFileReference; lastKnownFileType = sourcecode.swift; path = Location.swift; sourceTree = "<group>"; };
		8BCACA21263284D700FAF97B /* Pixel.swift */ = {isa = PBXFileReference; lastKnownFileType = sourcecode.swift; path = Pixel.swift; sourceTree = "<group>"; };
		8BD433DC263A47B500D3C281 /* ArtExceptions.swift */ = {isa = PBXFileReference; lastKnownFileType = sourcecode.swift; path = ArtExceptions.swift; sourceTree = "<group>"; };
/* End PBXFileReference section */

/* Begin PBXFrameworksBuildPhase section */
		8B00C705262913C500504203 /* Frameworks */ = {
			isa = PBXFrameworksBuildPhase;
			buildActionMask = 2147483647;
			files = (
				8BCACA2E2632881900FAF97B /* FirebaseStorageSwift-Beta in Frameworks */,
				8BCACA262632881900FAF97B /* FirebaseFirestoreSwift-Beta in Frameworks */,
				8BCACA2C2632881900FAF97B /* FirebaseFirestore in Frameworks */,
				8BCACA2A2632881900FAF97B /* FirebaseAuth in Frameworks */,
				8BCACA282632881900FAF97B /* FirebaseStorage in Frameworks */,
			);
			runOnlyForDeploymentPostprocessing = 0;
		};
/* End PBXFrameworksBuildPhase section */

/* Begin PBXGroup section */
		8B00C6FF262913C500504203 = {
			isa = PBXGroup;
			children = (
				8B00C70A262913C500504203 /* Gunther */,
				8B00C709262913C500504203 /* Products */,
			);
			sourceTree = "<group>";
		};
		8B00C709262913C500504203 /* Products */ = {
			isa = PBXGroup;
			children = (
				8B00C708262913C500504203 /* Gunther.app */,
			);
			name = Products;
			sourceTree = "<group>";
		};
		8B00C70A262913C500504203 /* Gunther */ = {
			isa = PBXGroup;
			children = (
				8B00C7202629140600504203 /* Database */,
				8B00C7212629140D00504203 /* Models */,
				8B00C70B262913C500504203 /* AppDelegate.swift */,
				8B00C70D262913C500504203 /* SceneDelegate.swift */,
				8B00C711262913C500504203 /* Main.storyboard */,
				8B00C716262913C600504203 /* LaunchScreen.storyboard */,
				8B00C714262913C600504203 /* Assets.xcassets */,
				8BC213A526328D8B00719579 /* GoogleService-Info.plist */,
				8B00C719262913C600504203 /* Info.plist */,
				1C7F67C72640F70900A0B0C1 /* CommunityCollectionViewController.swift */,
				8B80EA0B263531AF00DD3281 /* NewArtViewController.swift */,
				8B5D8973263EE6CA00B37B61 /* FromCameraViewController.swift */,
				8BC3F7F626294F1300503419 /* ArtViewController.swift */,
				8B3C24162634F6E400E3E751 /* SavedArtCollectionViewController.swift */,
				8B584985263FE06700443C14 /* SavedArtCollectionViewCell.swift */,
				8BC213BF2632ABF400719579 /* CanvasView */,
				8BC213C02632AC5F00719579 /* Art */,
				8BC213BE2632ABD800719579 /* Tool */,
				8B0B623B2633A5100057E87F /* Utils */,
			);
			path = Gunther;
			sourceTree = "<group>";
		};
		8B00C7202629140600504203 /* Database */ = {
			isa = PBXGroup;
			children = (
				8BC213AF2632925E00719579 /* MulticastDelegate.swift */,
				8BC213B32632928E00719579 /* DatabaseProtocol.swift */,
				8BC213A82632908100719579 /* FirebaseController.swift */,
			);
			path = Database;
			sourceTree = "<group>";
		};
		8B00C7212629140D00504203 /* Models */ = {
			isa = PBXGroup;
			children = (
				8BC213BA2632961700719579 /* Category.swift */,
				8BC213B62632933F00719579 /* User.swift */,
				8B7EFBA1263AD72C00A99675 /* SavedArt.swift */,
			);
			path = Models;
			sourceTree = "<group>";
		};
		8B0B623B2633A5100057E87F /* Utils */ = {
			isa = PBXGroup;
			children = (
				8B614EDB263A6A36005B5C50 /* UIImage+Extensions.swift */,
				8B0FDC092646AA8E006868DD /* UIViewController+Extensions.swift */,
			);
			path = Utils;
			sourceTree = "<group>";
		};
		8BC213BE2632ABD800719579 /* Tool */ = {
			isa = PBXGroup;
			children = (
				8B6DEEF1264BAF1500DFAAD4 /* ToolPickerDelegate.swift */,
				8B1471FA2648C16400ED5264 /* ToolPickerViewController.swift */,
				8B53829D264ABD3C00AE0238 /* ToolBrushCollectionViewCell.swift */,
				8B5382A1264ABD5900AE0238 /* ToolSizeCollectionViewCell.swift */,
				8BCACA08263280EB00FAF97B /* Tool.swift */,
				8BCACA102632827A00FAF97B /* Pencil.swift */,
				8BCACA14263282B800FAF97B /* Marker.swift */,
			);
			path = Tool;
			sourceTree = "<group>";
		};
		8BC213BF2632ABF400719579 /* CanvasView */ = {
			isa = PBXGroup;
			children = (
				8BCACA0B2632811900FAF97B /* CanvasViewDelegate.swift */,
				8BC3F7F92629557600503419 /* CanvasView.swift */,
			);
			path = CanvasView;
			sourceTree = "<group>";
		};
		8BC213C02632AC5F00719579 /* Art */ = {
			isa = PBXGroup;
			children = (
				8BCACA1B2632847800FAF97B /* Art.swift */,
				8BCACA1E2632849A00FAF97B /* Location.swift */,
				8BCACA21263284D700FAF97B /* Pixel.swift */,
				8BD433DC263A47B500D3C281 /* ArtExceptions.swift */,
			);
			path = Art;
			sourceTree = "<group>";
		};
/* End PBXGroup section */

/* Begin PBXNativeTarget section */
		8B00C707262913C500504203 /* Gunther */ = {
			isa = PBXNativeTarget;
			buildConfigurationList = 8B00C71C262913C600504203 /* Build configuration list for PBXNativeTarget "Gunther" */;
			buildPhases = (
				8B00C704262913C500504203 /* Sources */,
				8B00C705262913C500504203 /* Frameworks */,
				8B00C706262913C500504203 /* Resources */,
			);
			buildRules = (
			);
			dependencies = (
			);
			name = Gunther;
			packageProductDependencies = (
				8BCACA252632881900FAF97B /* FirebaseFirestoreSwift-Beta */,
				8BCACA272632881900FAF97B /* FirebaseStorage */,
				8BCACA292632881900FAF97B /* FirebaseAuth */,
				8BCACA2B2632881900FAF97B /* FirebaseFirestore */,
				8BCACA2D2632881900FAF97B /* FirebaseStorageSwift-Beta */,
			);
			productName = Gunther;
			productReference = 8B00C708262913C500504203 /* Gunther.app */;
			productType = "com.apple.product-type.application";
		};
/* End PBXNativeTarget section */

/* Begin PBXProject section */
		8B00C700262913C500504203 /* Project object */ = {
			isa = PBXProject;
			attributes = {
				LastSwiftUpdateCheck = 1240;
				LastUpgradeCheck = 1240;
				TargetAttributes = {
					8B00C707262913C500504203 = {
						CreatedOnToolsVersion = 12.4;
					};
				};
			};
			buildConfigurationList = 8B00C703262913C500504203 /* Build configuration list for PBXProject "Gunther" */;
			compatibilityVersion = "Xcode 9.3";
			developmentRegion = en;
			hasScannedForEncodings = 0;
			knownRegions = (
				en,
				Base,
			);
			mainGroup = 8B00C6FF262913C500504203;
			packageReferences = (
				8BCACA242632881900FAF97B /* XCRemoteSwiftPackageReference "firebase-ios-sdk" */,
			);
			productRefGroup = 8B00C709262913C500504203 /* Products */;
			projectDirPath = "";
			projectRoot = "";
			targets = (
				8B00C707262913C500504203 /* Gunther */,
			);
		};
/* End PBXProject section */

/* Begin PBXResourcesBuildPhase section */
		8B00C706262913C500504203 /* Resources */ = {
			isa = PBXResourcesBuildPhase;
			buildActionMask = 2147483647;
			files = (
				8B00C718262913C600504203 /* LaunchScreen.storyboard in Resources */,
				8BC213A626328D8B00719579 /* GoogleService-Info.plist in Resources */,
				8B00C715262913C600504203 /* Assets.xcassets in Resources */,
				8B00C713262913C500504203 /* Main.storyboard in Resources */,
			);
			runOnlyForDeploymentPostprocessing = 0;
		};
/* End PBXResourcesBuildPhase section */

/* Begin PBXSourcesBuildPhase section */
		8B00C704262913C500504203 /* Sources */ = {
			isa = PBXSourcesBuildPhase;
			buildActionMask = 2147483647;
			files = (
				8BCACA0C2632811900FAF97B /* CanvasViewDelegate.swift in Sources */,
				8BC3F7F726294F1300503419 /* ArtViewController.swift in Sources */,
				8B0FDC0A2646AA8E006868DD /* UIViewController+Extensions.swift in Sources */,
				8BCACA112632827A00FAF97B /* Pencil.swift in Sources */,
				8BC213B02632925E00719579 /* MulticastDelegate.swift in Sources */,
				8BCACA09263280EB00FAF97B /* Tool.swift in Sources */,
				8BC213BB2632961700719579 /* Category.swift in Sources */,
				8BCACA22263284D700FAF97B /* Pixel.swift in Sources */,
				8BD433DD263A47B500D3C281 /* ArtExceptions.swift in Sources */,
				8B3C24172634F6E400E3E751 /* SavedArtCollectionViewController.swift in Sources */,
				8BC213B72632933F00719579 /* User.swift in Sources */,
				8B1471FB2648C16400ED5264 /* ToolPickerViewController.swift in Sources */,
				8B80EA0C263531AF00DD3281 /* NewArtViewController.swift in Sources */,
				8B6DEEF2264BAF1500DFAAD4 /* ToolPickerDelegate.swift in Sources */,
				8B00C70C262913C500504203 /* AppDelegate.swift in Sources */,
				8B614EDC263A6A36005B5C50 /* UIImage+Extensions.swift in Sources */,
				1C7F67C82640F70900A0B0C1 /* CommunityCollectionViewController.swift in Sources */,
				8BC213B42632928E00719579 /* DatabaseProtocol.swift in Sources */,
				8BCACA1C2632847800FAF97B /* Art.swift in Sources */,
				8B5382A2264ABD5900AE0238 /* ToolSizeCollectionViewCell.swift in Sources */,
				8B53829E264ABD3C00AE0238 /* ToolBrushCollectionViewCell.swift in Sources */,
				8BC213A92632908100719579 /* FirebaseController.swift in Sources */,
				8B584986263FE06700443C14 /* SavedArtCollectionViewCell.swift in Sources */,
				8BC3F7FA2629557600503419 /* CanvasView.swift in Sources */,
				8B7EFBA2263AD72C00A99675 /* SavedArt.swift in Sources */,
				8B00C70E262913C500504203 /* SceneDelegate.swift in Sources */,
				8BCACA15263282B800FAF97B /* Marker.swift in Sources */,
				8B5D8974263EE6CA00B37B61 /* FromCameraViewController.swift in Sources */,
				8BCACA1F2632849A00FAF97B /* Location.swift in Sources */,
			);
			runOnlyForDeploymentPostprocessing = 0;
		};
/* End PBXSourcesBuildPhase section */

/* Begin PBXVariantGroup section */
		8B00C711262913C500504203 /* Main.storyboard */ = {
			isa = PBXVariantGroup;
			children = (
				8B00C712262913C500504203 /* Base */,
			);
			name = Main.storyboard;
			sourceTree = "<group>";
		};
		8B00C716262913C600504203 /* LaunchScreen.storyboard */ = {
			isa = PBXVariantGroup;
			children = (
				8B00C717262913C600504203 /* Base */,
			);
			name = LaunchScreen.storyboard;
			sourceTree = "<group>";
		};
/* End PBXVariantGroup section */

/* Begin XCBuildConfiguration section */
		8B00C71A262913C600504203 /* Debug */ = {
			isa = XCBuildConfiguration;
			buildSettings = {
				ALWAYS_SEARCH_USER_PATHS = NO;
				CLANG_ANALYZER_NONNULL = YES;
				CLANG_ANALYZER_NUMBER_OBJECT_CONVERSION = YES_AGGRESSIVE;
				CLANG_CXX_LANGUAGE_STANDARD = "gnu++14";
				CLANG_CXX_LIBRARY = "libc++";
				CLANG_ENABLE_MODULES = YES;
				CLANG_ENABLE_OBJC_ARC = YES;
				CLANG_ENABLE_OBJC_WEAK = YES;
				CLANG_WARN_BLOCK_CAPTURE_AUTORELEASING = YES;
				CLANG_WARN_BOOL_CONVERSION = YES;
				CLANG_WARN_COMMA = YES;
				CLANG_WARN_CONSTANT_CONVERSION = YES;
				CLANG_WARN_DEPRECATED_OBJC_IMPLEMENTATIONS = YES;
				CLANG_WARN_DIRECT_OBJC_ISA_USAGE = YES_ERROR;
				CLANG_WARN_DOCUMENTATION_COMMENTS = YES;
				CLANG_WARN_EMPTY_BODY = YES;
				CLANG_WARN_ENUM_CONVERSION = YES;
				CLANG_WARN_INFINITE_RECURSION = YES;
				CLANG_WARN_INT_CONVERSION = YES;
				CLANG_WARN_NON_LITERAL_NULL_CONVERSION = YES;
				CLANG_WARN_OBJC_IMPLICIT_RETAIN_SELF = YES;
				CLANG_WARN_OBJC_LITERAL_CONVERSION = YES;
				CLANG_WARN_OBJC_ROOT_CLASS = YES_ERROR;
				CLANG_WARN_QUOTED_INCLUDE_IN_FRAMEWORK_HEADER = YES;
				CLANG_WARN_RANGE_LOOP_ANALYSIS = YES;
				CLANG_WARN_STRICT_PROTOTYPES = YES;
				CLANG_WARN_SUSPICIOUS_MOVE = YES;
				CLANG_WARN_UNGUARDED_AVAILABILITY = YES_AGGRESSIVE;
				CLANG_WARN_UNREACHABLE_CODE = YES;
				CLANG_WARN__DUPLICATE_METHOD_MATCH = YES;
				COPY_PHASE_STRIP = NO;
				DEBUG_INFORMATION_FORMAT = dwarf;
				ENABLE_STRICT_OBJC_MSGSEND = YES;
				ENABLE_TESTABILITY = YES;
				GCC_C_LANGUAGE_STANDARD = gnu11;
				GCC_DYNAMIC_NO_PIC = NO;
				GCC_NO_COMMON_BLOCKS = YES;
				GCC_OPTIMIZATION_LEVEL = 0;
				GCC_PREPROCESSOR_DEFINITIONS = (
					"DEBUG=1",
					"$(inherited)",
				);
				GCC_WARN_64_TO_32_BIT_CONVERSION = YES;
				GCC_WARN_ABOUT_RETURN_TYPE = YES_ERROR;
				GCC_WARN_UNDECLARED_SELECTOR = YES;
				GCC_WARN_UNINITIALIZED_AUTOS = YES_AGGRESSIVE;
				GCC_WARN_UNUSED_FUNCTION = YES;
				GCC_WARN_UNUSED_VARIABLE = YES;
				IPHONEOS_DEPLOYMENT_TARGET = 14.4;
				MTL_ENABLE_DEBUG_INFO = INCLUDE_SOURCE;
				MTL_FAST_MATH = YES;
				ONLY_ACTIVE_ARCH = YES;
				SDKROOT = iphoneos;
				SWIFT_ACTIVE_COMPILATION_CONDITIONS = DEBUG;
				SWIFT_OPTIMIZATION_LEVEL = "-Onone";
			};
			name = Debug;
		};
		8B00C71B262913C600504203 /* Release */ = {
			isa = XCBuildConfiguration;
			buildSettings = {
				ALWAYS_SEARCH_USER_PATHS = NO;
				CLANG_ANALYZER_NONNULL = YES;
				CLANG_ANALYZER_NUMBER_OBJECT_CONVERSION = YES_AGGRESSIVE;
				CLANG_CXX_LANGUAGE_STANDARD = "gnu++14";
				CLANG_CXX_LIBRARY = "libc++";
				CLANG_ENABLE_MODULES = YES;
				CLANG_ENABLE_OBJC_ARC = YES;
				CLANG_ENABLE_OBJC_WEAK = YES;
				CLANG_WARN_BLOCK_CAPTURE_AUTORELEASING = YES;
				CLANG_WARN_BOOL_CONVERSION = YES;
				CLANG_WARN_COMMA = YES;
				CLANG_WARN_CONSTANT_CONVERSION = YES;
				CLANG_WARN_DEPRECATED_OBJC_IMPLEMENTATIONS = YES;
				CLANG_WARN_DIRECT_OBJC_ISA_USAGE = YES_ERROR;
				CLANG_WARN_DOCUMENTATION_COMMENTS = YES;
				CLANG_WARN_EMPTY_BODY = YES;
				CLANG_WARN_ENUM_CONVERSION = YES;
				CLANG_WARN_INFINITE_RECURSION = YES;
				CLANG_WARN_INT_CONVERSION = YES;
				CLANG_WARN_NON_LITERAL_NULL_CONVERSION = YES;
				CLANG_WARN_OBJC_IMPLICIT_RETAIN_SELF = YES;
				CLANG_WARN_OBJC_LITERAL_CONVERSION = YES;
				CLANG_WARN_OBJC_ROOT_CLASS = YES_ERROR;
				CLANG_WARN_QUOTED_INCLUDE_IN_FRAMEWORK_HEADER = YES;
				CLANG_WARN_RANGE_LOOP_ANALYSIS = YES;
				CLANG_WARN_STRICT_PROTOTYPES = YES;
				CLANG_WARN_SUSPICIOUS_MOVE = YES;
				CLANG_WARN_UNGUARDED_AVAILABILITY = YES_AGGRESSIVE;
				CLANG_WARN_UNREACHABLE_CODE = YES;
				CLANG_WARN__DUPLICATE_METHOD_MATCH = YES;
				COPY_PHASE_STRIP = NO;
				DEBUG_INFORMATION_FORMAT = "dwarf-with-dsym";
				ENABLE_NS_ASSERTIONS = NO;
				ENABLE_STRICT_OBJC_MSGSEND = YES;
				GCC_C_LANGUAGE_STANDARD = gnu11;
				GCC_NO_COMMON_BLOCKS = YES;
				GCC_WARN_64_TO_32_BIT_CONVERSION = YES;
				GCC_WARN_ABOUT_RETURN_TYPE = YES_ERROR;
				GCC_WARN_UNDECLARED_SELECTOR = YES;
				GCC_WARN_UNINITIALIZED_AUTOS = YES_AGGRESSIVE;
				GCC_WARN_UNUSED_FUNCTION = YES;
				GCC_WARN_UNUSED_VARIABLE = YES;
				IPHONEOS_DEPLOYMENT_TARGET = 14.4;
				MTL_ENABLE_DEBUG_INFO = NO;
				MTL_FAST_MATH = YES;
				SDKROOT = iphoneos;
				SWIFT_COMPILATION_MODE = wholemodule;
				SWIFT_OPTIMIZATION_LEVEL = "-O";
				VALIDATE_PRODUCT = YES;
			};
			name = Release;
		};
		8B00C71D262913C600504203 /* Debug */ = {
			isa = XCBuildConfiguration;
			buildSettings = {
				ASSETCATALOG_COMPILER_APPICON_NAME = AppIcon;
				ASSETCATALOG_COMPILER_GLOBAL_ACCENT_COLOR_NAME = AccentColor;
				CODE_SIGN_STYLE = Automatic;
				INFOPLIST_FILE = Gunther/Info.plist;
				LD_RUNPATH_SEARCH_PATHS = (
					"$(inherited)",
					"@executable_path/Frameworks",
				);
				PRODUCT_BUNDLE_IDENTIFIER = edu.monash.gunther;
				PRODUCT_NAME = "$(TARGET_NAME)";
				SWIFT_VERSION = 5.0;
				TARGETED_DEVICE_FAMILY = "1,2";
			};
			name = Debug;
		};
		8B00C71E262913C600504203 /* Release */ = {
			isa = XCBuildConfiguration;
			buildSettings = {
				ASSETCATALOG_COMPILER_APPICON_NAME = AppIcon;
				ASSETCATALOG_COMPILER_GLOBAL_ACCENT_COLOR_NAME = AccentColor;
				CODE_SIGN_STYLE = Automatic;
				INFOPLIST_FILE = Gunther/Info.plist;
				LD_RUNPATH_SEARCH_PATHS = (
					"$(inherited)",
					"@executable_path/Frameworks",
				);
				PRODUCT_BUNDLE_IDENTIFIER = edu.monash.gunther;
				PRODUCT_NAME = "$(TARGET_NAME)";
				SWIFT_VERSION = 5.0;
				TARGETED_DEVICE_FAMILY = "1,2";
			};
			name = Release;
		};
/* End XCBuildConfiguration section */

/* Begin XCConfigurationList section */
		8B00C703262913C500504203 /* Build configuration list for PBXProject "Gunther" */ = {
			isa = XCConfigurationList;
			buildConfigurations = (
				8B00C71A262913C600504203 /* Debug */,
				8B00C71B262913C600504203 /* Release */,
			);
			defaultConfigurationIsVisible = 0;
			defaultConfigurationName = Release;
		};
		8B00C71C262913C600504203 /* Build configuration list for PBXNativeTarget "Gunther" */ = {
			isa = XCConfigurationList;
			buildConfigurations = (
				8B00C71D262913C600504203 /* Debug */,
				8B00C71E262913C600504203 /* Release */,
			);
			defaultConfigurationIsVisible = 0;
			defaultConfigurationName = Release;
		};
/* End XCConfigurationList section */

/* Begin XCRemoteSwiftPackageReference section */
		8BCACA242632881900FAF97B /* XCRemoteSwiftPackageReference "firebase-ios-sdk" */ = {
			isa = XCRemoteSwiftPackageReference;
			repositoryURL = "https://github.com/firebase/firebase-ios-sdk.git";
			requirement = {
				kind = upToNextMajorVersion;
				minimumVersion = 7.11.0;
			};
		};
/* End XCRemoteSwiftPackageReference section */

/* Begin XCSwiftPackageProductDependency section */
		8BCACA252632881900FAF97B /* FirebaseFirestoreSwift-Beta */ = {
			isa = XCSwiftPackageProductDependency;
			package = 8BCACA242632881900FAF97B /* XCRemoteSwiftPackageReference "firebase-ios-sdk" */;
			productName = "FirebaseFirestoreSwift-Beta";
		};
		8BCACA272632881900FAF97B /* FirebaseStorage */ = {
			isa = XCSwiftPackageProductDependency;
			package = 8BCACA242632881900FAF97B /* XCRemoteSwiftPackageReference "firebase-ios-sdk" */;
			productName = FirebaseStorage;
		};
		8BCACA292632881900FAF97B /* FirebaseAuth */ = {
			isa = XCSwiftPackageProductDependency;
			package = 8BCACA242632881900FAF97B /* XCRemoteSwiftPackageReference "firebase-ios-sdk" */;
			productName = FirebaseAuth;
		};
		8BCACA2B2632881900FAF97B /* FirebaseFirestore */ = {
			isa = XCSwiftPackageProductDependency;
			package = 8BCACA242632881900FAF97B /* XCRemoteSwiftPackageReference "firebase-ios-sdk" */;
			productName = FirebaseFirestore;
		};
		8BCACA2D2632881900FAF97B /* FirebaseStorageSwift-Beta */ = {
			isa = XCSwiftPackageProductDependency;
			package = 8BCACA242632881900FAF97B /* XCRemoteSwiftPackageReference "firebase-ios-sdk" */;
			productName = "FirebaseStorageSwift-Beta";
		};
/* End XCSwiftPackageProductDependency section */
	};
	rootObject = 8B00C700262913C500504203 /* Project object */;
}
